// !$*UTF8*$!
{
	archiveVersion = 1;
	classes = {
	};
	objectVersion = 46;
	objects = {

/* Begin PBXBuildFile section */
		5F071CC01BB19A170012415A /* AppDelegate.swift in Sources */ = {isa = PBXBuildFile; fileRef = 5F071CBF1BB19A170012415A /* AppDelegate.swift */; };
		5F071CC21BB19A170012415A /* ViewController.swift in Sources */ = {isa = PBXBuildFile; fileRef = 5F071CC11BB19A170012415A /* ViewController.swift */; };
		5F071CC51BB19A170012415A /* Main.storyboard in Resources */ = {isa = PBXBuildFile; fileRef = 5F071CC31BB19A170012415A /* Main.storyboard */; };
		5F071CC71BB19A170012415A /* Assets.xcassets in Resources */ = {isa = PBXBuildFile; fileRef = 5F071CC61BB19A170012415A /* Assets.xcassets */; };
		5F071CCA1BB19A170012415A /* LaunchScreen.storyboard in Resources */ = {isa = PBXBuildFile; fileRef = 5F071CC81BB19A170012415A /* LaunchScreen.storyboard */; };
		5F071CD51BB19A180012415A /* EKeyTests.swift in Sources */ = {isa = PBXBuildFile; fileRef = 5F071CD41BB19A180012415A /* EKeyTests.swift */; };
		5F071CE01BB19A180012415A /* EKeyUITests.swift in Sources */ = {isa = PBXBuildFile; fileRef = 5F071CDF1BB19A180012415A /* EKeyUITests.swift */; };
/* End PBXBuildFile section */

/* Begin PBXContainerItemProxy section */
		5F071CD11BB19A180012415A /* PBXContainerItemProxy */ = {
			isa = PBXContainerItemProxy;
			containerPortal = 5F071CB41BB19A170012415A /* Project object */;
			proxyType = 1;
			remoteGlobalIDString = 5F071CBB1BB19A170012415A;
			remoteInfo = EKey;
		};
		5F071CDC1BB19A180012415A /* PBXContainerItemProxy */ = {
			isa = PBXContainerItemProxy;
			containerPortal = 5F071CB41BB19A170012415A /* Project object */;
			proxyType = 1;
			remoteGlobalIDString = 5F071CBB1BB19A170012415A;
			remoteInfo = EKey;
		};
/* End PBXContainerItemProxy section */

/* Begin PBXFileReference section */
		5F071CBC1BB19A170012415A /* EKey.app */ = {isa = PBXFileReference; explicitFileType = wrapper.application; includeInIndex = 0; path = EKey.app; sourceTree = BUILT_PRODUCTS_DIR; };
		5F071CBF1BB19A170012415A /* AppDelegate.swift */ = {isa = PBXFileReference; lastKnownFileType = sourcecode.swift; path = AppDelegate.swift; sourceTree = "<group>"; };
		5F071CC11BB19A170012415A /* ViewController.swift */ = {isa = PBXFileReference; lastKnownFileType = sourcecode.swift; path = ViewController.swift; sourceTree = "<group>"; };
		5F071CC41BB19A170012415A /* Base */ = {isa = PBXFileReference; lastKnownFileType = file.storyboard; name = Base; path = Base.lproj/Main.storyboard; sourceTree = "<group>"; };
		5F071CC61BB19A170012415A /* Assets.xcassets */ = {isa = PBXFileReference; lastKnownFileType = folder.assetcatalog; path = Assets.xcassets; sourceTree = "<group>"; };
		5F071CC91BB19A170012415A /* Base */ = {isa = PBXFileReference; lastKnownFileType = file.storyboard; name = Base; path = Base.lproj/LaunchScreen.storyboard; sourceTree = "<group>"; };
		5F071CCB1BB19A170012415A /* Info.plist */ = {isa = PBXFileReference; lastKnownFileType = text.plist.xml; path = Info.plist; sourceTree = "<group>"; };
		5F071CD01BB19A180012415A /* EKeyTests.xctest */ = {isa = PBXFileReference; explicitFileType = wrapper.cfbundle; includeInIndex = 0; path = EKeyTests.xctest; sourceTree = BUILT_PRODUCTS_DIR; };
		5F071CD41BB19A180012415A /* EKeyTests.swift */ = {isa = PBXFileReference; lastKnownFileType = sourcecode.swift; path = EKeyTests.swift; sourceTree = "<group>"; };
		5F071CD61BB19A180012415A /* Info.plist */ = {isa = PBXFileReference; lastKnownFileType = text.plist.xml; path = Info.plist; sourceTree = "<group>"; };
		5F071CDB1BB19A180012415A /* EKeyUITests.xctest */ = {isa = PBXFileReference; explicitFileType = wrapper.cfbundle; includeInIndex = 0; path = EKeyUITests.xctest; sourceTree = BUILT_PRODUCTS_DIR; };
		5F071CDF1BB19A180012415A /* EKeyUITests.swift */ = {isa = PBXFileReference; lastKnownFileType = sourcecode.swift; path = EKeyUITests.swift; sourceTree = "<group>"; };
		5F071CE11BB19A180012415A /* Info.plist */ = {isa = PBXFileReference; lastKnownFileType = text.plist.xml; path = Info.plist; sourceTree = "<group>"; };
/* End PBXFileReference section */

/* Begin PBXFrameworksBuildPhase section */
		5F071CB91BB19A170012415A /* Frameworks */ = {
			isa = PBXFrameworksBuildPhase;
			buildActionMask = 2147483647;
			files = (
			);
			runOnlyForDeploymentPostprocessing = 0;
		};
		5F071CCD1BB19A180012415A /* Frameworks */ = {
			isa = PBXFrameworksBuildPhase;
			buildActionMask = 2147483647;
			files = (
			);
			runOnlyForDeploymentPostprocessing = 0;
		};
		5F071CD81BB19A180012415A /* Frameworks */ = {
			isa = PBXFrameworksBuildPhase;
			buildActionMask = 2147483647;
			files = (
			);
			runOnlyForDeploymentPostprocessing = 0;
		};
/* End PBXFrameworksBuildPhase section */

/* Begin PBXGroup section */
		5F071CB31BB19A170012415A = {
			isa = PBXGroup;
			children = (
				5F071CBE1BB19A170012415A /* EKey */,
				5F071CD31BB19A180012415A /* EKeyTests */,
				5F071CDE1BB19A180012415A /* EKeyUITests */,
				5F071CBD1BB19A170012415A /* Products */,
			);
			sourceTree = "<group>";
		};
		5F071CBD1BB19A170012415A /* Products */ = {
			isa = PBXGroup;
			children = (
				5F071CBC1BB19A170012415A /* EKey.app */,
				5F071CD01BB19A180012415A /* EKeyTests.xctest */,
				5F071CDB1BB19A180012415A /* EKeyUITests.xctest */,
			);
			name = Products;
			sourceTree = "<group>";
		};
		5F071CBE1BB19A170012415A /* EKey */ = {
			isa = PBXGroup;
			children = (
				5F071CBF1BB19A170012415A /* AppDelegate.swift */,
				5F071CC11BB19A170012415A /* ViewController.swift */,
				5F071CC31BB19A170012415A /* Main.storyboard */,
				5F071CC61BB19A170012415A /* Assets.xcassets */,
				5F071CC81BB19A170012415A /* LaunchScreen.storyboard */,
				5F071CCB1BB19A170012415A /* Info.plist */,
			);
			path = EKey;
			sourceTree = "<group>";
		};
		5F071CD31BB19A180012415A /* EKeyTests */ = {
			isa = PBXGroup;
			children = (
				5F071CD41BB19A180012415A /* EKeyTests.swift */,
				5F071CD61BB19A180012415A /* Info.plist */,
			);
			path = EKeyTests;
			sourceTree = "<group>";
		};
		5F071CDE1BB19A180012415A /* EKeyUITests */ = {
			isa = PBXGroup;
			children = (
				5F071CDF1BB19A180012415A /* EKeyUITests.swift */,
				5F071CE11BB19A180012415A /* Info.plist */,
			);
			path = EKeyUITests;
			sourceTree = "<group>";
		};
/* End PBXGroup section */

/* Begin PBXNativeTarget section */
		5F071CBB1BB19A170012415A /* EKey */ = {
			isa = PBXNativeTarget;
			buildConfigurationList = 5F071CE41BB19A180012415A /* Build configuration list for PBXNativeTarget "EKey" */;
			buildPhases = (
				5F071CB81BB19A170012415A /* Sources */,
				5F071CB91BB19A170012415A /* Frameworks */,
				5F071CBA1BB19A170012415A /* Resources */,
			);
			buildRules = (
			);
			dependencies = (
			);
			name = EKey;
			productName = EKey;
			productReference = 5F071CBC1BB19A170012415A /* EKey.app */;
			productType = "com.apple.product-type.application";
		};
		5F071CCF1BB19A180012415A /* EKeyTests */ = {
			isa = PBXNativeTarget;
			buildConfigurationList = 5F071CE71BB19A180012415A /* Build configuration list for PBXNativeTarget "EKeyTests" */;
			buildPhases = (
				5F071CCC1BB19A180012415A /* Sources */,
				5F071CCD1BB19A180012415A /* Frameworks */,
				5F071CCE1BB19A180012415A /* Resources */,
			);
			buildRules = (
			);
			dependencies = (
				5F071CD21BB19A180012415A /* PBXTargetDependency */,
			);
			name = EKeyTests;
			productName = EKeyTests;
			productReference = 5F071CD01BB19A180012415A /* EKeyTests.xctest */;
			productType = "com.apple.product-type.bundle.unit-test";
		};
		5F071CDA1BB19A180012415A /* EKeyUITests */ = {
			isa = PBXNativeTarget;
			buildConfigurationList = 5F071CEA1BB19A180012415A /* Build configuration list for PBXNativeTarget "EKeyUITests" */;
			buildPhases = (
				5F071CD71BB19A180012415A /* Sources */,
				5F071CD81BB19A180012415A /* Frameworks */,
				5F071CD91BB19A180012415A /* Resources */,
			);
			buildRules = (
			);
			dependencies = (
				5F071CDD1BB19A180012415A /* PBXTargetDependency */,
			);
			name = EKeyUITests;
			productName = EKeyUITests;
			productReference = 5F071CDB1BB19A180012415A /* EKeyUITests.xctest */;
			productType = "com.apple.product-type.bundle.ui-testing";
		};
/* End PBXNativeTarget section */

/* Begin PBXProject section */
		5F071CB41BB19A170012415A /* Project object */ = {
			isa = PBXProject;
			attributes = {
				LastUpgradeCheck = 0700;
				ORGANIZATIONNAME = SamYang95;
				TargetAttributes = {
					5F071CBB1BB19A170012415A = {
						CreatedOnToolsVersion = 7.0;
					};
					5F071CCF1BB19A180012415A = {
						CreatedOnToolsVersion = 7.0;
						TestTargetID = 5F071CBB1BB19A170012415A;
					};
					5F071CDA1BB19A180012415A = {
						CreatedOnToolsVersion = 7.0;
						TestTargetID = 5F071CBB1BB19A170012415A;
					};
				};
			};
			buildConfigurationList = 5F071CB71BB19A170012415A /* Build configuration list for PBXProject "EKey" */;
			compatibilityVersion = "Xcode 3.2";
			developmentRegion = English;
			hasScannedForEncodings = 0;
			knownRegions = (
				en,
				Base,
			);
			mainGroup = 5F071CB31BB19A170012415A;
			productRefGroup = 5F071CBD1BB19A170012415A /* Products */;
			projectDirPath = "";
			projectRoot = "";
			targets = (
				5F071CBB1BB19A170012415A /* EKey */,
				5F071CCF1BB19A180012415A /* EKeyTests */,
				5F071CDA1BB19A180012415A /* EKeyUITests */,
			);
		};
/* End PBXProject section */

/* Begin PBXResourcesBuildPhase section */
		5F071CBA1BB19A170012415A /* Resources */ = {
			isa = PBXResourcesBuildPhase;
			buildActionMask = 2147483647;
			files = (
				5F071CCA1BB19A170012415A /* LaunchScreen.storyboard in Resources */,
				5F071CC71BB19A170012415A /* Assets.xcassets in Resources */,
				5F071CC51BB19A170012415A /* Main.storyboard in Resources */,
			);
			runOnlyForDeploymentPostprocessing = 0;
		};
		5F071CCE1BB19A180012415A /* Resources */ = {
			isa = PBXResourcesBuildPhase;
			buildActionMask = 2147483647;
			files = (
			);
			runOnlyForDeploymentPostprocessing = 0;
		};
		5F071CD91BB19A180012415A /* Resources */ = {
			isa = PBXResourcesBuildPhase;
			buildActionMask = 2147483647;
			files = (
			);
			runOnlyForDeploymentPostprocessing = 0;
		};
/* End PBXResourcesBuildPhase section */

/* Begin PBXSourcesBuildPhase section */
		5F071CB81BB19A170012415A /* Sources */ = {
			isa = PBXSourcesBuildPhase;
			buildActionMask = 2147483647;
			files = (
				5F071CC21BB19A170012415A /* ViewController.swift in Sources */,
				5F071CC01BB19A170012415A /* AppDelegate.swift in Sources */,
			);
			runOnlyForDeploymentPostprocessing = 0;
		};
		5F071CCC1BB19A180012415A /* Sources */ = {
			isa = PBXSourcesBuildPhase;
			buildActionMask = 2147483647;
			files = (
				5F071CD51BB19A180012415A /* EKeyTests.swift in Sources */,
			);
			runOnlyForDeploymentPostprocessing = 0;
		};
		5F071CD71BB19A180012415A /* Sources */ = {
			isa = PBXSourcesBuildPhase;
			buildActionMask = 2147483647;
			files = (
				5F071CE01BB19A180012415A /* EKeyUITests.swift in Sources */,
			);
			runOnlyForDeploymentPostprocessing = 0;
		};
/* End PBXSourcesBuildPhase section */

/* Begin PBXTargetDependency section */
		5F071CD21BB19A180012415A /* PBXTargetDependency */ = {
			isa = PBXTargetDependency;
			target = 5F071CBB1BB19A170012415A /* EKey */;
			targetProxy = 5F071CD11BB19A180012415A /* PBXContainerItemProxy */;
		};
		5F071CDD1BB19A180012415A /* PBXTargetDependency */ = {
			isa = PBXTargetDependency;
			target = 5F071CBB1BB19A170012415A /* EKey */;
			targetProxy = 5F071CDC1BB19A180012415A /* PBXContainerItemProxy */;
		};
/* End PBXTargetDependency section */

/* Begin PBXVariantGroup section */
		5F071CC31BB19A170012415A /* Main.storyboard */ = {
			isa = PBXVariantGroup;
			children = (
				5F071CC41BB19A170012415A /* Base */,
			);
			name = Main.storyboard;
			sourceTree = "<group>";
		};
		5F071CC81BB19A170012415A /* LaunchScreen.storyboard */ = {
			isa = PBXVariantGroup;
			children = (
				5F071CC91BB19A170012415A /* Base */,
			);
			name = LaunchScreen.storyboard;
			sourceTree = "<group>";
		};
/* End PBXVariantGroup section */

/* Begin XCBuildConfiguration section */
		5F071CE21BB19A180012415A /* Debug */ = {
			isa = XCBuildConfiguration;
			buildSettings = {
				ALWAYS_SEARCH_USER_PATHS = NO;
				CLANG_CXX_LANGUAGE_STANDARD = "gnu++0x";
				CLANG_CXX_LIBRARY = "libc++";
				CLANG_ENABLE_MODULES = YES;
				CLANG_ENABLE_OBJC_ARC = YES;
				CLANG_WARN_BOOL_CONVERSION = YES;
				CLANG_WARN_CONSTANT_CONVERSION = YES;
				CLANG_WARN_DIRECT_OBJC_ISA_USAGE = YES_ERROR;
				CLANG_WARN_EMPTY_BODY = YES;
				CLANG_WARN_ENUM_CONVERSION = YES;
				CLANG_WARN_INT_CONVERSION = YES;
				CLANG_WARN_OBJC_ROOT_CLASS = YES_ERROR;
				CLANG_WARN_UNREACHABLE_CODE = YES;
				CLANG_WARN__DUPLICATE_METHOD_MATCH = YES;
				"CODE_SIGN_IDENTITY[sdk=iphoneos*]" = "iPhone Developer";
				COPY_PHASE_STRIP = NO;
				DEBUG_INFORMATION_FORMAT = dwarf;
				ENABLE_STRICT_OBJC_MSGSEND = YES;
				ENABLE_TESTABILITY = YES;
				GCC_C_LANGUAGE_STANDARD = gnu99;
				GCC_DYNAMIC_NO_PIC = NO;
				GCC_NO_COMMON_BLOCKS = YES;
				GCC_OPTIMIZATION_LEVEL = 0;
				GCC_PREPROCESSOR_DEFINITIONS = (
					"DEBUG=1",
					"$(inherited)",
				);
				GCC_WARN_64_TO_32_BIT_CONVERSION = YES;
				GCC_WARN_ABOUT_RETURN_TYPE = YES_ERROR;
				GCC_WARN_UNDECLARED_SELECTOR = YES;
				GCC_WARN_UNINITIALIZED_AUTOS = YES_AGGRESSIVE;
				GCC_WARN_UNUSED_FUNCTION = YES;
				GCC_WARN_UNUSED_VARIABLE = YES;
				IPHONEOS_DEPLOYMENT_TARGET = 9.0;
				MTL_ENABLE_DEBUG_INFO = YES;
				ONLY_ACTIVE_ARCH = YES;
				SDKROOT = iphoneos;
				SWIFT_OPTIMIZATION_LEVEL = "-Onone";
				TARGETED_DEVICE_FAMILY = "1,2";
			};
			name = Debug;
		};
		5F071CE31BB19A180012415A /* Release */ = {
			isa = XCBuildConfiguration;
			buildSettings = {
				ALWAYS_SEARCH_USER_PATHS = NO;
				CLANG_CXX_LANGUAGE_STANDARD = "gnu++0x";
				CLANG_CXX_LIBRARY = "libc++";
				CLANG_ENABLE_MODULES = YES;
				CLANG_ENABLE_OBJC_ARC = YES;
				CLANG_WARN_BOOL_CONVERSION = YES;
				CLANG_WARN_CONSTANT_CONVERSION = YES;
				CLANG_WARN_DIRECT_OBJC_ISA_USAGE = YES_ERROR;
				CLANG_WARN_EMPTY_BODY = YES;
				CLANG_WARN_ENUM_CONVERSION = YES;
				CLANG_WARN_INT_CONVERSION = YES;
				CLANG_WARN_OBJC_ROOT_CLASS = YES_ERROR;
				CLANG_WARN_UNREACHABLE_CODE = YES;
				CLANG_WARN__DUPLICATE_METHOD_MATCH = YES;
				"CODE_SIGN_IDENTITY[sdk=iphoneos*]" = "iPhone Developer";
				COPY_PHASE_STRIP = NO;
				DEBUG_INFORMATION_FORMAT = "dwarf-with-dsym";
				ENABLE_NS_ASSERTIONS = NO;
				ENABLE_STRICT_OBJC_MSGSEND = YES;
				GCC_C_LANGUAGE_STANDARD = gnu99;
				GCC_NO_COMMON_BLOCKS = YES;
				GCC_WARN_64_TO_32_BIT_CONVERSION = YES;
				GCC_WARN_ABOUT_RETURN_TYPE = YES_ERROR;
				GCC_WARN_UNDECLARED_SELECTOR = YES;
				GCC_WARN_UNINITIALIZED_AUTOS = YES_AGGRESSIVE;
				GCC_WARN_UNUSED_FUNCTION = YES;
				GCC_WARN_UNUSED_VARIABLE = YES;
				IPHONEOS_DEPLOYMENT_TARGET = 9.0;
				MTL_ENABLE_DEBUG_INFO = NO;
				SDKROOT = iphoneos;
				TARGETED_DEVICE_FAMILY = "1,2";
				VALIDATE_PRODUCT = YES;
			};
			name = Release;
		};
		5F071CE51BB19A180012415A /* Debug */ = {
			isa = XCBuildConfiguration;
			buildSettings = {
				ASSETCATALOG_COMPILER_APPICON_NAME = AppIcon;
				INFOPLIST_FILE = EKey/Info.plist;
				LD_RUNPATH_SEARCH_PATHS = "$(inherited) @executable_path/Frameworks";
				PRODUCT_BUNDLE_IDENTIFIER = com.SamYang95.EKey;
				PRODUCT_NAME = "$(TARGET_NAME)";
			};
			name = Debug;
		};
		5F071CE61BB19A180012415A /* Release */ = {
			isa = XCBuildConfiguration;
			buildSettings = {
				ASSETCATALOG_COMPILER_APPICON_NAME = AppIcon;
				INFOPLIST_FILE = EKey/Info.plist;
				LD_RUNPATH_SEARCH_PATHS = "$(inherited) @executable_path/Frameworks";
				PRODUCT_BUNDLE_IDENTIFIER = com.SamYang95.EKey;
				PRODUCT_NAME = "$(TARGET_NAME)";
			};
			name = Release;
		};
		5F071CE81BB19A180012415A /* Debug */ = {
			isa = XCBuildConfiguration;
			buildSettings = {
				BUNDLE_LOADER = "$(TEST_HOST)";
				INFOPLIST_FILE = EKeyTests/Info.plist;
				LD_RUNPATH_SEARCH_PATHS = "$(inherited) @executable_path/Frameworks @loader_path/Frameworks";
				PRODUCT_BUNDLE_IDENTIFIER = com.SamYang95.EKeyTests;
				PRODUCT_NAME = "$(TARGET_NAME)";
				TEST_HOST = "$(BUILT_PRODUCTS_DIR)/EKey.app/EKey";
			};
			name = Debug;
		};
		5F071CE91BB19A180012415A /* Release */ = {
			isa = XCBuildConfiguration;
			buildSettings = {
				BUNDLE_LOADER = "$(TEST_HOST)";
				INFOPLIST_FILE = EKeyTests/Info.plist;
				LD_RUNPATH_SEARCH_PATHS = "$(inherited) @executable_path/Frameworks @loader_path/Frameworks";
				PRODUCT_BUNDLE_IDENTIFIER = com.SamYang95.EKeyTests;
				PRODUCT_NAME = "$(TARGET_NAME)";
				TEST_HOST = "$(BUILT_PRODUCTS_DIR)/EKey.app/EKey";
			};
			name = Release;
		};
		5F071CEB1BB19A180012415A /* Debug */ = {
			isa = XCBuildConfiguration;
			buildSettings = {
				INFOPLIST_FILE = EKeyUITests/Info.plist;
				LD_RUNPATH_SEARCH_PATHS = "$(inherited) @executable_path/Frameworks @loader_path/Frameworks";
				PRODUCT_BUNDLE_IDENTIFIER = com.SamYang95.EKeyUITests;
				PRODUCT_NAME = "$(TARGET_NAME)";
				TEST_TARGET_NAME = EKey;
				USES_XCTRUNNER = YES;
			};
			name = Debug;
		};
		5F071CEC1BB19A180012415A /* Release */ = {
			isa = XCBuildConfiguration;
			buildSettings = {
				INFOPLIST_FILE = EKeyUITests/Info.plist;
				LD_RUNPATH_SEARCH_PATHS = "$(inherited) @executable_path/Frameworks @loader_path/Frameworks";
				PRODUCT_BUNDLE_IDENTIFIER = com.SamYang95.EKeyUITests;
				PRODUCT_NAME = "$(TARGET_NAME)";
				TEST_TARGET_NAME = EKey;
				USES_XCTRUNNER = YES;
			};
			name = Release;
		};
/* End XCBuildConfiguration section */

/* Begin XCConfigurationList section */
		5F071CB71BB19A170012415A /* Build configuration list for PBXProject "EKey" */ = {
			isa = XCConfigurationList;
			buildConfigurations = (
				5F071CE21BB19A180012415A /* Debug */,
				5F071CE31BB19A180012415A /* Release */,
			);
			defaultConfigurationIsVisible = 0;
			defaultConfigurationName = Release;
		};
		5F071CE41BB19A180012415A /* Build configuration list for PBXNativeTarget "EKey" */ = {
			isa = XCConfigurationList;
			buildConfigurations = (
				5F071CE51BB19A180012415A /* Debug */,
				5F071CE61BB19A180012415A /* Release */,
			);
			defaultConfigurationIsVisible = 0;
		};
		5F071CE71BB19A180012415A /* Build configuration list for PBXNativeTarget "EKeyTests" */ = {
			isa = XCConfigurationList;
			buildConfigurations = (
				5F071CE81BB19A180012415A /* Debug */,
				5F071CE91BB19A180012415A /* Release */,
			);
			defaultConfigurationIsVisible = 0;
		};
		5F071CEA1BB19A180012415A /* Build configuration list for PBXNativeTarget "EKeyUITests" */ = {
			isa = XCConfigurationList;
			buildConfigurations = (
				5F071CEB1BB19A180012415A /* Debug */,
				5F071CEC1BB19A180012415A /* Release */,
			);
			defaultConfigurationIsVisible = 0;
		};
/* End XCConfigurationList section */
	};
	rootObject = 5F071CB41BB19A170012415A /* Project object */;
}
